
Microsoft Visual Studio Solution File, Format Version 12.00
# Visual Studio Version 17
VisualStudioVersion = 17.2.32630.192
MinimumVisualStudioVersion = 10.0.40219.1
Project("{FAE04EC0-301F-11D3-BF4B-00C04F79EFBC}") = "Token", "Token\Token.csproj", "{3BA1CA56-AF0E-4460-B1CE-83991A25DC85}"
EndProject
Global
	GlobalSection(SolutionConfigurationPlatforms) = preSolution
		Debug|Any CPU = Debug|Any CPU
		Release|Any CPU = Release|Any CPU
	EndGlobalSection
	GlobalSection(ProjectConfigurationPlatforms) = postSolution
		{3BA1CA56-AF0E-4460-B1CE-83991A25DC85}.Debug|Any CPU.ActiveCfg = Debug|Any CPU
		{3BA1CA56-AF0E-4460-B1CE-83991A25DC85}.Debug|Any CPU.Build.0 = Debug|Any CPU
		{3BA1CA56-AF0E-4460-B1CE-83991A25DC85}.Release|Any CPU.ActiveCfg = Release|Any CPU
		{3BA1CA56-AF0E-4460-B1CE-83991A25DC85}.Release|Any CPU.Build.0 = Release|Any CPU
	EndGlobalSection
	GlobalSection(SolutionProperties) = preSolution
		HideSolutionNode = FALSE
	EndGlobalSection
	GlobalSection(ExtensibilityGlobals) = postSolution
		SolutionGuid = {F4173488-8696-40B7-B3FB-97157D560C6E}
	EndGlobalSection
EndGlobal
